
Microsoft Visual Studio Solution File, Format Version 12.00
# Visual Studio Version 16
VisualStudioVersion = 16.0.31702.278
MinimumVisualStudioVersion = 10.0.40219.1
Project("{FAE04EC0-301F-11D3-BF4B-00C04F79EFBC}") = "PPAP", "PPAP\PPAP.csproj", "{7E4C53F4-8F01-4F1A-BB00-12A415FB8648}"
EndProject
Global
	GlobalSection(SolutionConfigurationPlatforms) = preSolution
		Debug|Any CPU = Debug|Any CPU
		Release|Any CPU = Release|Any CPU
	EndGlobalSection
	GlobalSection(ProjectConfigurationPlatforms) = postSolution
		{7E4C53F4-8F01-4F1A-BB00-12A415FB8648}.Debug|Any CPU.ActiveCfg = Debug|Any CPU
		{7E4C53F4-8F01-4F1A-BB00-12A415FB8648}.Debug|Any CPU.Build.0 = Debug|Any CPU
		{7E4C53F4-8F01-4F1A-BB00-12A415FB8648}.Release|Any CPU.ActiveCfg = Release|Any CPU
		{7E4C53F4-8F01-4F1A-BB00-12A415FB8648}.Release|Any CPU.Build.0 = Release|Any CPU
	EndGlobalSection
	GlobalSection(SolutionProperties) = preSolution
		HideSolutionNode = FALSE
	EndGlobalSection
	GlobalSection(ExtensibilityGlobals) = postSolution
		SolutionGuid = {19B77E43-62C1-4C5A-ADD9-D4013075061D}
	EndGlobalSection
EndGlobal
